<?xml version="1.0" encoding="utf-8"?>
<Project ToolsVersion="12.0" xmlns="http://schemas.microsoft.com/developer/msbuild/2003">
  <ItemGroup>
    <ClCompile Include="..\..\..\..\..\cocos2dx\platform\wp8-xaml\Direct3DContentProviderBase.cpp" />
    <ClCompile Include="..\..\..\..\..\cocos2dx\platform\wp8-xaml\Direct3DContentProvider.cpp" />
    <ClCompile Include="..\..\..\..\..\cocos2dx\platform\wp8-xaml\Direct3DInterop.cpp" />
    <ClCompile Include="pch.cpp" />
    <ClCompile Include="..\..\..\..\..\cocos2dx\platform\wp8-xaml\DirectXBase.cpp" />
    <ClCompile Include="..\..\..\..\..\cocos2dx\platform\wp8-xaml\InputEvent.cpp" />
    <ClCompile Include="..\..\..\Classes\GameData.cpp">
      <Filter>Classes</Filter>
    </ClCompile>
    <ClCompile Include="..\..\..\..\..\cocos2dx\platform\wp8-xaml\Cocos2dRenderer.cpp" />
    <ClCompile Include="..\..\..\Classes\ActionMenu.cpp">
      <Filter>Classes</Filter>
    </ClCompile>
    <ClCompile Include="..\..\..\Classes\ActiveSkillSetting.cpp">
      <Filter>Classes</Filter>
    </ClCompile>
    <ClCompile Include="..\..\..\Classes\AnimationManager.cpp">
      <Filter>Classes</Filter>
    </ClCompile>
    <ClCompile Include="..\..\..\Classes\AttackableObject.cpp">
      <Filter>Classes</Filter>
    </ClCompile>
    <ClCompile Include="..\..\..\Classes\AttackComponent.cpp">
      <Filter>Classes</Filter>
    </ClCompile>
    <ClCompile Include="..\..\..\Classes\Building.cpp">
      <Filter>Classes</Filter>
    </ClCompile>
    <ClCompile Include="..\..\..\Classes\BuildingAttackComponent.cpp">
      <Filter>Classes</Filter>
    </ClCompile>
    <ClCompile Include="..\..\..\Classes\BuildingBase.cpp">
      <Filter>Classes</Filter>
    </ClCompile>
    <ClCompile Include="..\..\..\Classes\BuildingMachineGunComponent.cpp">
      <Filter>Classes</Filter>
    </ClCompile>
    <ClCompile Include="..\..\..\Classes\BuildingManager.cpp">
      <Filter>Classes</Filter>
    </ClCompile>
    <ClCompile Include="..\..\..\Classes\BuildingMenu.cpp">
      <Filter>Classes</Filter>
    </ClCompile>
    <ClCompile Include="..\..\..\Classes\BuildingMudAttackComponent.cpp">
      <Filter>Classes</Filter>
    </ClCompile>
    <ClCompile Include="..\..\..\Classes\BuildingMultiArrowAttackComponent.cpp">
      <Filter>Classes</Filter>
    </ClCompile>
    <ClCompile Include="..\..\..\Classes\BuildingPoisonAttackComponent.cpp">
      <Filter>Classes</Filter>
    </ClCompile>
    <ClCompile Include="..\..\..\Classes\BuildingRocketAttackComponent.cpp">
      <Filter>Classes</Filter>
    </ClCompile>
    <ClCompile Include="..\..\..\Classes\BuildingSetting.cpp">
      <Filter>Classes</Filter>
    </ClCompile>
    <ClCompile Include="..\..\..\Classes\BuildingShootComponent.cpp">
      <Filter>Classes</Filter>
    </ClCompile>
    <ClCompile Include="..\..\..\Classes\BuildingShotgunComponent.cpp">
      <Filter>Classes</Filter>
    </ClCompile>
    <ClCompile Include="..\..\..\Classes\BuildingStatusBar.cpp">
      <Filter>Classes</Filter>
    </ClCompile>
    <ClCompile Include="..\..\..\Classes\BuildingUpgradeMenu.cpp">
      <Filter>Classes</Filter>
    </ClCompile>
    <ClCompile Include="..\..\..\Classes\BurningFire.cpp">
      <Filter>Classes</Filter>
    </ClCompile>
    <ClCompile Include="..\..\..\Classes\Environment\CaveLight.cpp">
      <Filter>Classes</Filter>
    </ClCompile>
    <ClCompile Include="..\..\..\Classes\CCSmartSprite.cpp">
      <Filter>Classes</Filter>
    </ClCompile>
    <ClCompile Include="..\..\..\Classes\CollectableMoney.cpp">
      <Filter>Classes</Filter>
    </ClCompile>
    <ClCompile Include="..\..\..\Classes\CompletedStage.cpp">
      <Filter>Classes</Filter>
    </ClCompile>
    <ClCompile Include="..\..\..\Classes\ComputerPlayer.cpp">
      <Filter>Classes</Filter>
    </ClCompile>
    <ClCompile Include="..\..\..\Classes\ComputerPlayerAttackComponent.cpp">
      <Filter>Classes</Filter>
    </ClCompile>
    <ClCompile Include="..\..\..\Classes\DebugLayer.cpp">
      <Filter>Classes</Filter>
    </ClCompile>
    <ClCompile Include="..\..\..\Classes\EndLessGameStage.cpp">
      <Filter>Classes</Filter>
    </ClCompile>
    <ClCompile Include="..\..\..\Classes\Enemy.cpp">
      <Filter>Classes</Filter>
    </ClCompile>
    <ClCompile Include="..\..\..\Classes\EnemyAnimation.cpp">
      <Filter>Classes</Filter>
    </ClCompile>
    <ClCompile Include="..\..\..\Classes\EnemyAttackComponent.cpp">
      <Filter>Classes</Filter>
    </ClCompile>
    <ClCompile Include="..\..\..\Classes\EnemyCache.cpp">
      <Filter>Classes</Filter>
    </ClCompile>
    <ClCompile Include="..\..\..\Classes\EnemySetting.cpp">
      <Filter>Classes</Filter>
    </ClCompile>
    <ClCompile Include="..\..\..\Classes\EnemyShootAttack.cpp">
      <Filter>Classes</Filter>
    </ClCompile>
    <ClCompile Include="..\..\..\Classes\Explosion.cpp">
      <Filter>Classes</Filter>
    </ClCompile>
    <ClCompile Include="..\..\..\Classes\ExplosionCache.cpp">
      <Filter>Classes</Filter>
    </ClCompile>
    <ClCompile Include="..\..\..\Classes\Environment\FishingRaft.cpp">
      <Filter>Classes</Filter>
    </ClCompile>
    <ClCompile Include="..\..\..\Classes\Function.cpp">
      <Filter>Classes</Filter>
    </ClCompile>
    <ClCompile Include="..\..\..\Classes\GameControlMenu.cpp">
      <Filter>Classes</Filter>
    </ClCompile>
    <ClCompile Include="..\..\..\Classes\GameOverMenu.cpp">
      <Filter>Classes</Filter>
    </ClCompile>
    <ClCompile Include="..\..\..\Classes\GameScene.cpp">
      <Filter>Classes</Filter>
    </ClCompile>
    <ClCompile Include="..\..\..\Classes\GameSettingMenu.cpp">
      <Filter>Classes</Filter>
    </ClCompile>
    <ClCompile Include="..\..\..\Classes\GameStage.cpp">
      <Filter>Classes</Filter>
    </ClCompile>
    <ClCompile Include="..\..\..\Classes\GameStatusView.cpp">
      <Filter>Classes</Filter>
    </ClCompile>
    <ClCompile Include="..\..\..\Classes\GameWinningMenu.cpp">
      <Filter>Classes</Filter>
    </ClCompile>
    <ClCompile Include="..\..\..\Classes\HomeSettingMenu.cpp">
      <Filter>Classes</Filter>
    </ClCompile>
    <ClCompile Include="..\..\..\Classes\IAPItem.cpp">
      <Filter>Classes</Filter>
    </ClCompile>
    <ClCompile Include="..\..\..\Classes\IAPMenu.cpp">
      <Filter>Classes</Filter>
    </ClCompile>
    <ClCompile Include="..\..\..\Classes\KKMenu.cpp">
      <Filter>Classes</Filter>
    </ClCompile>
    <ClCompile Include="..\..\..\Classes\LoadingScreen.cpp">
      <Filter>Classes</Filter>
    </ClCompile>
    <ClCompile Include="..\..\..\Classes\Magic.cpp">
      <Filter>Classes</Filter>
    </ClCompile>
    <ClCompile Include="..\..\..\Classes\MainUI.cpp">
      <Filter>Classes</Filter>
    </ClCompile>
    <ClCompile Include="..\..\..\Classes\MapConfig.cpp">
      <Filter>Classes</Filter>
    </ClCompile>
    <ClCompile Include="..\..\..\Classes\MapHelper.cpp">
      <Filter>Classes</Filter>
    </ClCompile>
    <ClCompile Include="..\..\..\Classes\MapWinningCondition.cpp">
      <Filter>Classes</Filter>
    </ClCompile>
    <ClCompile Include="..\..\..\Classes\MessageBox.cpp">
      <Filter>Classes</Filter>
    </ClCompile>
    <ClCompile Include="..\..\..\Classes\MultiTileBuilding.cpp">
      <Filter>Classes</Filter>
    </ClCompile>
    <ClCompile Include="..\..\..\Classes\NewInfoMenu.cpp">
      <Filter>Classes</Filter>
    </ClCompile>
    <ClCompile Include="..\..\..\Classes\NPC.cpp">
      <Filter>Classes</Filter>
    </ClCompile>
    <ClCompile Include="..\..\..\Classes\NpcAnimation.cpp">
      <Filter>Classes</Filter>
    </ClCompile>
    <ClCompile Include="..\..\..\Classes\NpcMessageBox.cpp">
      <Filter>Classes</Filter>
    </ClCompile>
    <ClCompile Include="..\..\..\Classes\NpcSetting.cpp">
      <Filter>Classes</Filter>
    </ClCompile>
    <ClCompile Include="..\..\..\Classes\NpcStatusMenu.cpp">
      <Filter>Classes</Filter>
    </ClCompile>
    <ClCompile Include="..\..\..\Classes\PerformEffectAnimation.cpp">
      <Filter>Classes</Filter>
    </ClCompile>
    <ClCompile Include="..\..\..\Classes\Player.cpp">
      <Filter>Classes</Filter>
    </ClCompile>
    <ClCompile Include="..\..\..\Classes\PlayerAnimation.cpp">
      <Filter>Classes</Filter>
    </ClCompile>
    <ClCompile Include="..\..\..\Classes\PlayerAttackComponent.cpp">
      <Filter>Classes</Filter>
    </ClCompile>
    <ClCompile Include="..\..\..\Classes\PlayerBaseMenu.cpp">
      <Filter>Classes</Filter>
    </ClCompile>
    <ClCompile Include="..\..\..\Classes\PlayerMoveMenu.cpp">
      <Filter>Classes</Filter>
    </ClCompile>
    <ClCompile Include="..\..\..\Classes\PlayerStatusView.cpp">
      <Filter>Classes</Filter>
    </ClCompile>
    <ClCompile Include="..\..\..\Classes\QuickBattleStage.cpp">
      <Filter>Classes</Filter>
    </ClCompile>
    <ClCompile Include="..\..\..\Classes\SaleStoreMenu.cpp">
      <Filter>Classes</Filter>
    </ClCompile>
    <ClCompile Include="..\..\..\Classes\Environment\SeaWave.cpp">
      <Filter>Classes</Filter>
    </ClCompile>
    <ClCompile Include="..\..\..\Classes\SimplePlayerView.cpp">
      <Filter>Classes</Filter>
    </ClCompile>
    <ClCompile Include="..\..\..\Classes\Skill.cpp">
      <Filter>Classes</Filter>
    </ClCompile>
    <ClCompile Include="..\..\..\Classes\SkillTouchAnimation.cpp">
      <Filter>Classes</Filter>
    </ClCompile>
    <ClCompile Include="..\..\..\Classes\SkillTreeMenu.cpp">
      <Filter>Classes</Filter>
    </ClCompile>
    <ClCompile Include="..\..\..\Classes\MiniGame\SlotMachine.cpp">
      <Filter>Classes</Filter>
    </ClCompile>
    <ClCompile Include="..\..\..\Classes\SmartAnimation.cpp">
      <Filter>Classes</Filter>
    </ClCompile>
    <ClCompile Include="..\..\..\Classes\SpecialActions.cpp">
      <Filter>Classes</Filter>
    </ClCompile>
    <ClCompile Include="..\..\..\Classes\SpiderQueenAttack.cpp">
      <Filter>Classes</Filter>
    </ClCompile>
    <ClCompile Include="..\..\..\Classes\StageMap.cpp">
      <Filter>Classes</Filter>
    </ClCompile>
    <ClCompile Include="..\..\..\Classes\StageOpeningAnimation.cpp">
      <Filter>Classes</Filter>
    </ClCompile>
    <ClCompile Include="..\..\..\Classes\StageUI.cpp">
      <Filter>Classes</Filter>
    </ClCompile>
    <ClCompile Include="..\..\..\Classes\StartScreen.cpp">
      <Filter>Classes</Filter>
    </ClCompile>
    <ClCompile Include="..\..\..\Classes\Environment\Sunshine.cpp">
      <Filter>Classes</Filter>
    </ClCompile>
    <ClCompile Include="..\..\..\Classes\VerticalMap.cpp">
      <Filter>Classes</Filter>
    </ClCompile>
    <ClCompile Include="..\..\..\Classes\WinningConditionMenu.cpp">
      <Filter>Classes</Filter>
    </ClCompile>
    <ClCompile Include="..\..\..\Classes\WorldMap.cpp">
      <Filter>Classes</Filter>
    </ClCompile>
    <ClCompile Include="..\..\..\Classes\WorldmapGameMenu.cpp">
      <Filter>Classes</Filter>
    </ClCompile>
    <ClCompile Include="..\..\..\Classes\AppDelegate.cpp">
      <Filter>Classes</Filter>
    </ClCompile>
    <ClCompile Include="..\..\..\Platform\Win32\SystemHelper.cpp">
      <Filter>Platform</Filter>
    </ClCompile>
  </ItemGroup>
  <ItemGroup>
    <None Include="..\..\..\..\..\external\libwebsockets\wp8\lib\x86\libwebsockets.dll" />
    <None Include="..\..\..\..\..\external\libwebsockets\wp8\lib\arm\libwebsockets.dll" />
    <None Include="..\..\..\..\..\cocos2dx\platform\third_party\wp8\libraries\x86\libcurl.dll" />
    <None Include="..\..\..\..\..\cocos2dx\platform\third_party\wp8\libraries\x86\libeay32.dll" />
    <None Include="..\..\..\..\..\cocos2dx\platform\third_party\wp8\libraries\x86\ssleay32.dll" />
    <None Include="..\..\..\..\..\cocos2dx\platform\third_party\wp8\libraries\arm\libcurl.dll" />
    <None Include="..\..\..\..\..\cocos2dx\platform\third_party\wp8\libraries\arm\libeay32.dll" />
    <None Include="..\..\..\..\..\cocos2dx\platform\third_party\wp8\libraries\arm\ssleay32.dll" />
    <None Include="..\..\..\..\..\cocos2dx\platform\third_party\wp8\libraries\x86\libEGL_phone.dll" />
    <None Include="..\..\..\..\..\cocos2dx\platform\third_party\wp8\libraries\x86\libGLESv2_phone.dll" />
    <None Include="..\..\..\..\..\cocos2dx\platform\third_party\wp8\libraries\arm\libEGL_phone.dll" />
    <None Include="..\..\..\..\..\cocos2dx\platform\third_party\wp8\libraries\arm\libGLESv2_phone.dll" />
    <None Include="$(FrameworkSDKRoot)\..\..\Windows Phone\v8.0\ExtensionSDKs\SQLite.WP80\3.8.7.2\Redist\$(Configuration)\$(PlatformTarget)\sqlite3.dll" />
  </ItemGroup>
  <ItemGroup>
    <Filter Include="Classes">
      <UniqueIdentifier>{a068560f-2ca3-4619-9f66-0f4a2ebf1ba4}</UniqueIdentifier>
    </Filter>
    <Filter Include="Platform">
      <UniqueIdentifier>{c45dda43-b7d2-4705-840d-d98f567454f0}</UniqueIdentifier>
    </Filter>
  </ItemGroup>
</Project>